<Solution>
  <Folder Name="/product/">
    <Project Path="product/Kachinco.Core/Kachinco.Core.csproj" />
    <Project Path="product/Kachinco.Infrastructure/Kachinco.Infrastructure.csproj" />
    <Project Path="product/Kachinco.Mcp/Kachinco.Mcp.csproj" />
    <Project Path="product/Kachinco.App/Kachinco.App.csproj" />
  </Folder>
  <Folder Name="/test/">
    <Project Path="test/Kachinco.Tests/Kachinco.Tests.csproj" />
  </Folder>
</Solution>
